// !$*UTF8*$!
{
	archiveVersion = 1;
	classes = {
	};
	objectVersion = 46;
	objects = {

/* Begin PBXBuildFile section */
		260F89AA1A3DAA0D003EDB92 /* AppDelegate.swift in Sources */ = {isa = PBXBuildFile; fileRef = 260F89A91A3DAA0D003EDB92 /* AppDelegate.swift */; };
		260F89AC1A3DAA0D003EDB92 /* ViewController.swift in Sources */ = {isa = PBXBuildFile; fileRef = 260F89AB1A3DAA0D003EDB92 /* ViewController.swift */; };
		260F89AF1A3DAA0D003EDB92 /* Main.storyboard in Resources */ = {isa = PBXBuildFile; fileRef = 260F89AD1A3DAA0D003EDB92 /* Main.storyboard */; };
		260F89B11A3DAA0D003EDB92 /* Images.xcassets in Resources */ = {isa = PBXBuildFile; fileRef = 260F89B01A3DAA0D003EDB92 /* Images.xcassets */; };
		260F89B41A3DAA0D003EDB92 /* LaunchScreen.xib in Resources */ = {isa = PBXBuildFile; fileRef = 260F89B21A3DAA0D003EDB92 /* LaunchScreen.xib */; };
		260F89C01A3DAA0D003EDB92 /* iOSAnimationsLiveDemoTests.swift in Sources */ = {isa = PBXBuildFile; fileRef = 260F89BF1A3DAA0D003EDB92 /* iOSAnimationsLiveDemoTests.swift */; };
		260F89CA1A3DB62E003EDB92 /* AnimationsViewController.swift in Sources */ = {isa = PBXBuildFile; fileRef = 260F89C91A3DB62E003EDB92 /* AnimationsViewController.swift */; };
		269D64E61A3EFE9D0047FEE4 /* FlappyDragonViewController.swift in Sources */ = {isa = PBXBuildFile; fileRef = 269D64E51A3EFE9D0047FEE4 /* FlappyDragonViewController.swift */; };
		269D64E91A3EFEB40047FEE4 /* FlappyDragonView.swift in Sources */ = {isa = PBXBuildFile; fileRef = 269D64E81A3EFEB40047FEE4 /* FlappyDragonView.swift */; };
/* End PBXBuildFile section */

/* Begin PBXContainerItemProxy section */
		260F89BA1A3DAA0D003EDB92 /* PBXContainerItemProxy */ = {
			isa = PBXContainerItemProxy;
			containerPortal = 260F899C1A3DAA0D003EDB92 /* Project object */;
			proxyType = 1;
			remoteGlobalIDString = 260F89A31A3DAA0D003EDB92;
			remoteInfo = iOSAnimationsLiveDemo;
		};
/* End PBXContainerItemProxy section */

/* Begin PBXFileReference section */
		260F89A41A3DAA0D003EDB92 /* iOSAnimationsLiveDemo.app */ = {isa = PBXFileReference; explicitFileType = wrapper.application; includeInIndex = 0; path = iOSAnimationsLiveDemo.app; sourceTree = BUILT_PRODUCTS_DIR; };
		260F89A81A3DAA0D003EDB92 /* Info.plist */ = {isa = PBXFileReference; lastKnownFileType = text.plist.xml; path = Info.plist; sourceTree = "<group>"; };
		260F89A91A3DAA0D003EDB92 /* AppDelegate.swift */ = {isa = PBXFileReference; lastKnownFileType = sourcecode.swift; path = AppDelegate.swift; sourceTree = "<group>"; };
		260F89AB1A3DAA0D003EDB92 /* ViewController.swift */ = {isa = PBXFileReference; lastKnownFileType = sourcecode.swift; path = ViewController.swift; sourceTree = "<group>"; };
		260F89AE1A3DAA0D003EDB92 /* Base */ = {isa = PBXFileReference; lastKnownFileType = file.storyboard; name = Base; path = Base.lproj/Main.storyboard; sourceTree = "<group>"; };
		260F89B01A3DAA0D003EDB92 /* Images.xcassets */ = {isa = PBXFileReference; lastKnownFileType = folder.assetcatalog; path = Images.xcassets; sourceTree = "<group>"; };
		260F89B31A3DAA0D003EDB92 /* Base */ = {isa = PBXFileReference; lastKnownFileType = file.xib; name = Base; path = Base.lproj/LaunchScreen.xib; sourceTree = "<group>"; };
		260F89B91A3DAA0D003EDB92 /* iOSAnimationsLiveDemoTests.xctest */ = {isa = PBXFileReference; explicitFileType = wrapper.cfbundle; includeInIndex = 0; path = iOSAnimationsLiveDemoTests.xctest; sourceTree = BUILT_PRODUCTS_DIR; };
		260F89BE1A3DAA0D003EDB92 /* Info.plist */ = {isa = PBXFileReference; lastKnownFileType = text.plist.xml; path = Info.plist; sourceTree = "<group>"; };
		260F89BF1A3DAA0D003EDB92 /* iOSAnimationsLiveDemoTests.swift */ = {isa = PBXFileReference; lastKnownFileType = sourcecode.swift; path = iOSAnimationsLiveDemoTests.swift; sourceTree = "<group>"; };
		260F89C91A3DB62E003EDB92 /* AnimationsViewController.swift */ = {isa = PBXFileReference; fileEncoding = 4; lastKnownFileType = sourcecode.swift; path = AnimationsViewController.swift; sourceTree = "<group>"; };
		269D64E51A3EFE9D0047FEE4 /* FlappyDragonViewController.swift */ = {isa = PBXFileReference; fileEncoding = 4; lastKnownFileType = sourcecode.swift; path = FlappyDragonViewController.swift; sourceTree = "<group>"; };
		269D64E81A3EFEB40047FEE4 /* FlappyDragonView.swift */ = {isa = PBXFileReference; fileEncoding = 4; lastKnownFileType = sourcecode.swift; path = FlappyDragonView.swift; sourceTree = "<group>"; };
/* End PBXFileReference section */

/* Begin PBXFrameworksBuildPhase section */
		260F89A11A3DAA0D003EDB92 /* Frameworks */ = {
			isa = PBXFrameworksBuildPhase;
			buildActionMask = 2147483647;
			files = (
			);
			runOnlyForDeploymentPostprocessing = 0;
		};
		260F89B61A3DAA0D003EDB92 /* Frameworks */ = {
			isa = PBXFrameworksBuildPhase;
			buildActionMask = 2147483647;
			files = (
			);
			runOnlyForDeploymentPostprocessing = 0;
		};
/* End PBXFrameworksBuildPhase section */

/* Begin PBXGroup section */
		260F899B1A3DAA0D003EDB92 = {
			isa = PBXGroup;
			children = (
				260F89A61A3DAA0D003EDB92 /* iOSAnimationsLiveDemo */,
				260F89BC1A3DAA0D003EDB92 /* iOSAnimationsLiveDemoTests */,
				260F89A51A3DAA0D003EDB92 /* Products */,
			);
			sourceTree = "<group>";
		};
		260F89A51A3DAA0D003EDB92 /* Products */ = {
			isa = PBXGroup;
			children = (
				260F89A41A3DAA0D003EDB92 /* iOSAnimationsLiveDemo.app */,
				260F89B91A3DAA0D003EDB92 /* iOSAnimationsLiveDemoTests.xctest */,
			);
			name = Products;
			sourceTree = "<group>";
		};
		260F89A61A3DAA0D003EDB92 /* iOSAnimationsLiveDemo */ = {
			isa = PBXGroup;
			children = (
				269D64E71A3EFEA10047FEE4 /* Views */,
				260F89A91A3DAA0D003EDB92 /* AppDelegate.swift */,
				269D64E41A3EFE860047FEE4 /* ViewControllers */,
				260F89AD1A3DAA0D003EDB92 /* Main.storyboard */,
				260F89B01A3DAA0D003EDB92 /* Images.xcassets */,
				260F89B21A3DAA0D003EDB92 /* LaunchScreen.xib */,
				260F89A71A3DAA0D003EDB92 /* Supporting Files */,
			);
			path = iOSAnimationsLiveDemo;
			sourceTree = "<group>";
		};
		260F89A71A3DAA0D003EDB92 /* Supporting Files */ = {
			isa = PBXGroup;
			children = (
				260F89A81A3DAA0D003EDB92 /* Info.plist */,
			);
			name = "Supporting Files";
			sourceTree = "<group>";
		};
		260F89BC1A3DAA0D003EDB92 /* iOSAnimationsLiveDemoTests */ = {
			isa = PBXGroup;
			children = (
				260F89BF1A3DAA0D003EDB92 /* iOSAnimationsLiveDemoTests.swift */,
				260F89BD1A3DAA0D003EDB92 /* Supporting Files */,
			);
			path = iOSAnimationsLiveDemoTests;
			sourceTree = "<group>";
		};
		260F89BD1A3DAA0D003EDB92 /* Supporting Files */ = {
			isa = PBXGroup;
			children = (
				260F89BE1A3DAA0D003EDB92 /* Info.plist */,
			);
			name = "Supporting Files";
			sourceTree = "<group>";
		};
		269D64E41A3EFE860047FEE4 /* ViewControllers */ = {
			isa = PBXGroup;
			children = (
				260F89AB1A3DAA0D003EDB92 /* ViewController.swift */,
				260F89C91A3DB62E003EDB92 /* AnimationsViewController.swift */,
				269D64E51A3EFE9D0047FEE4 /* FlappyDragonViewController.swift */,
			);
			name = ViewControllers;
			sourceTree = "<group>";
		};
		269D64E71A3EFEA10047FEE4 /* Views */ = {
			isa = PBXGroup;
			children = (
				269D64E81A3EFEB40047FEE4 /* FlappyDragonView.swift */,
			);
			name = Views;
			sourceTree = "<group>";
		};
/* End PBXGroup section */

/* Begin PBXNativeTarget section */
		260F89A31A3DAA0D003EDB92 /* iOSAnimationsLiveDemo */ = {
			isa = PBXNativeTarget;
			buildConfigurationList = 260F89C31A3DAA0D003EDB92 /* Build configuration list for PBXNativeTarget "iOSAnimationsLiveDemo" */;
			buildPhases = (
				260F89A01A3DAA0D003EDB92 /* Sources */,
				260F89A11A3DAA0D003EDB92 /* Frameworks */,
				260F89A21A3DAA0D003EDB92 /* Resources */,
			);
			buildRules = (
			);
			dependencies = (
			);
			name = iOSAnimationsLiveDemo;
			productName = iOSAnimationsLiveDemo;
			productReference = 260F89A41A3DAA0D003EDB92 /* iOSAnimationsLiveDemo.app */;
			productType = "com.apple.product-type.application";
		};
		260F89B81A3DAA0D003EDB92 /* iOSAnimationsLiveDemoTests */ = {
			isa = PBXNativeTarget;
			buildConfigurationList = 260F89C61A3DAA0D003EDB92 /* Build configuration list for PBXNativeTarget "iOSAnimationsLiveDemoTests" */;
			buildPhases = (
				260F89B51A3DAA0D003EDB92 /* Sources */,
				260F89B61A3DAA0D003EDB92 /* Frameworks */,
				260F89B71A3DAA0D003EDB92 /* Resources */,
			);
			buildRules = (
			);
			dependencies = (
				260F89BB1A3DAA0D003EDB92 /* PBXTargetDependency */,
			);
			name = iOSAnimationsLiveDemoTests;
			productName = iOSAnimationsLiveDemoTests;
			productReference = 260F89B91A3DAA0D003EDB92 /* iOSAnimationsLiveDemoTests.xctest */;
			productType = "com.apple.product-type.bundle.unit-test";
		};
/* End PBXNativeTarget section */

/* Begin PBXProject section */
		260F899C1A3DAA0D003EDB92 /* Project object */ = {
			isa = PBXProject;
			attributes = {
				LastUpgradeCheck = 0610;
				ORGANIZATIONNAME = "Telerik Academy";
				TargetAttributes = {
					260F89A31A3DAA0D003EDB92 = {
						CreatedOnToolsVersion = 6.1;
					};
					260F89B81A3DAA0D003EDB92 = {
						CreatedOnToolsVersion = 6.1;
						TestTargetID = 260F89A31A3DAA0D003EDB92;
					};
				};
			};
			buildConfigurationList = 260F899F1A3DAA0D003EDB92 /* Build configuration list for PBXProject "iOSAnimationsLiveDemo" */;
			compatibilityVersion = "Xcode 3.2";
			developmentRegion = English;
			hasScannedForEncodings = 0;
			knownRegions = (
				en,
				Base,
			);
			mainGroup = 260F899B1A3DAA0D003EDB92;
			productRefGroup = 260F89A51A3DAA0D003EDB92 /* Products */;
			projectDirPath = "";
			projectRoot = "";
			targets = (
				260F89A31A3DAA0D003EDB92 /* iOSAnimationsLiveDemo */,
				260F89B81A3DAA0D003EDB92 /* iOSAnimationsLiveDemoTests */,
			);
		};
/* End PBXProject section */

/* Begin PBXResourcesBuildPhase section */
		260F89A21A3DAA0D003EDB92 /* Resources */ = {
			isa = PBXResourcesBuildPhase;
			buildActionMask = 2147483647;
			files = (
				260F89AF1A3DAA0D003EDB92 /* Main.storyboard in Resources */,
				260F89B41A3DAA0D003EDB92 /* LaunchScreen.xib in Resources */,
				260F89B11A3DAA0D003EDB92 /* Images.xcassets in Resources */,
			);
			runOnlyForDeploymentPostprocessing = 0;
		};
		260F89B71A3DAA0D003EDB92 /* Resources */ = {
			isa = PBXResourcesBuildPhase;
			buildActionMask = 2147483647;
			files = (
			);
			runOnlyForDeploymentPostprocessing = 0;
		};
/* End PBXResourcesBuildPhase section */

/* Begin PBXSourcesBuildPhase section */
		260F89A01A3DAA0D003EDB92 /* Sources */ = {
			isa = PBXSourcesBuildPhase;
			buildActionMask = 2147483647;
			files = (
				260F89AC1A3DAA0D003EDB92 /* ViewController.swift in Sources */,
				260F89AA1A3DAA0D003EDB92 /* AppDelegate.swift in Sources */,
				269D64E61A3EFE9D0047FEE4 /* FlappyDragonViewController.swift in Sources */,
				260F89CA1A3DB62E003EDB92 /* AnimationsViewController.swift in Sources */,
				269D64E91A3EFEB40047FEE4 /* FlappyDragonView.swift in Sources */,
			);
			runOnlyForDeploymentPostprocessing = 0;
		};
		260F89B51A3DAA0D003EDB92 /* Sources */ = {
			isa = PBXSourcesBuildPhase;
			buildActionMask = 2147483647;
			files = (
				260F89C01A3DAA0D003EDB92 /* iOSAnimationsLiveDemoTests.swift in Sources */,
			);
			runOnlyForDeploymentPostprocessing = 0;
		};
/* End PBXSourcesBuildPhase section */

/* Begin PBXTargetDependency section */
		260F89BB1A3DAA0D003EDB92 /* PBXTargetDependency */ = {
			isa = PBXTargetDependency;
			target = 260F89A31A3DAA0D003EDB92 /* iOSAnimationsLiveDemo */;
			targetProxy = 260F89BA1A3DAA0D003EDB92 /* PBXContainerItemProxy */;
		};
/* End PBXTargetDependency section */

/* Begin PBXVariantGroup section */
		260F89AD1A3DAA0D003EDB92 /* Main.storyboard */ = {
			isa = PBXVariantGroup;
			children = (
				260F89AE1A3DAA0D003EDB92 /* Base */,
			);
			name = Main.storyboard;
			sourceTree = "<group>";
		};
		260F89B21A3DAA0D003EDB92 /* LaunchScreen.xib */ = {
			isa = PBXVariantGroup;
			children = (
				260F89B31A3DAA0D003EDB92 /* Base */,
			);
			name = LaunchScreen.xib;
			sourceTree = "<group>";
		};
/* End PBXVariantGroup section */

/* Begin XCBuildConfiguration section */
		260F89C11A3DAA0D003EDB92 /* Debug */ = {
			isa = XCBuildConfiguration;
			buildSettings = {
				ALWAYS_SEARCH_USER_PATHS = NO;
				CLANG_CXX_LANGUAGE_STANDARD = "gnu++0x";
				CLANG_CXX_LIBRARY = "libc++";
				CLANG_ENABLE_MODULES = YES;
				CLANG_ENABLE_OBJC_ARC = YES;
				CLANG_WARN_BOOL_CONVERSION = YES;
				CLANG_WARN_CONSTANT_CONVERSION = YES;
				CLANG_WARN_DIRECT_OBJC_ISA_USAGE = YES_ERROR;
				CLANG_WARN_EMPTY_BODY = YES;
				CLANG_WARN_ENUM_CONVERSION = YES;
				CLANG_WARN_INT_CONVERSION = YES;
				CLANG_WARN_OBJC_ROOT_CLASS = YES_ERROR;
				CLANG_WARN_UNREACHABLE_CODE = YES;
				CLANG_WARN__DUPLICATE_METHOD_MATCH = YES;
				"CODE_SIGN_IDENTITY[sdk=iphoneos*]" = "iPhone Developer";
				COPY_PHASE_STRIP = NO;
				ENABLE_STRICT_OBJC_MSGSEND = YES;
				GCC_C_LANGUAGE_STANDARD = gnu99;
				GCC_DYNAMIC_NO_PIC = NO;
				GCC_OPTIMIZATION_LEVEL = 0;
				GCC_PREPROCESSOR_DEFINITIONS = (
					"DEBUG=1",
					"$(inherited)",
				);
				GCC_SYMBOLS_PRIVATE_EXTERN = NO;
				GCC_WARN_64_TO_32_BIT_CONVERSION = YES;
				GCC_WARN_ABOUT_RETURN_TYPE = YES_ERROR;
				GCC_WARN_UNDECLARED_SELECTOR = YES;
				GCC_WARN_UNINITIALIZED_AUTOS = YES_AGGRESSIVE;
				GCC_WARN_UNUSED_FUNCTION = YES;
				GCC_WARN_UNUSED_VARIABLE = YES;
				IPHONEOS_DEPLOYMENT_TARGET = 8.1;
				MTL_ENABLE_DEBUG_INFO = YES;
				ONLY_ACTIVE_ARCH = YES;
				SDKROOT = iphoneos;
				SWIFT_OPTIMIZATION_LEVEL = "-Onone";
			};
			name = Debug;
		};
		260F89C21A3DAA0D003EDB92 /* Release */ = {
			isa = XCBuildConfiguration;
			buildSettings = {
				ALWAYS_SEARCH_USER_PATHS = NO;
				CLANG_CXX_LANGUAGE_STANDARD = "gnu++0x";
				CLANG_CXX_LIBRARY = "libc++";
				CLANG_ENABLE_MODULES = YES;
				CLANG_ENABLE_OBJC_ARC = YES;
				CLANG_WARN_BOOL_CONVERSION = YES;
				CLANG_WARN_CONSTANT_CONVERSION = YES;
				CLANG_WARN_DIRECT_OBJC_ISA_USAGE = YES_ERROR;
				CLANG_WARN_EMPTY_BODY = YES;
				CLANG_WARN_ENUM_CONVERSION = YES;
				CLANG_WARN_INT_CONVERSION = YES;
				CLANG_WARN_OBJC_ROOT_CLASS = YES_ERROR;
				CLANG_WARN_UNREACHABLE_CODE = YES;
				CLANG_WARN__DUPLICATE_METHOD_MATCH = YES;
				"CODE_SIGN_IDENTITY[sdk=iphoneos*]" = "iPhone Developer";
				COPY_PHASE_STRIP = YES;
				ENABLE_NS_ASSERTIONS = NO;
				ENABLE_STRICT_OBJC_MSGSEND = YES;
				GCC_C_LANGUAGE_STANDARD = gnu99;
				GCC_WARN_64_TO_32_BIT_CONVERSION = YES;
				GCC_WARN_ABOUT_RETURN_TYPE = YES_ERROR;
				GCC_WARN_UNDECLARED_SELECTOR = YES;
				GCC_WARN_UNINITIALIZED_AUTOS = YES_AGGRESSIVE;
				GCC_WARN_UNUSED_FUNCTION = YES;
				GCC_WARN_UNUSED_VARIABLE = YES;
				IPHONEOS_DEPLOYMENT_TARGET = 8.1;
				MTL_ENABLE_DEBUG_INFO = NO;
				SDKROOT = iphoneos;
				VALIDATE_PRODUCT = YES;
			};
			name = Release;
		};
		260F89C41A3DAA0D003EDB92 /* Debug */ = {
			isa = XCBuildConfiguration;
			buildSettings = {
				ASSETCATALOG_COMPILER_APPICON_NAME = AppIcon;
				INFOPLIST_FILE = iOSAnimationsLiveDemo/Info.plist;
				LD_RUNPATH_SEARCH_PATHS = "$(inherited) @executable_path/Frameworks";
				PRODUCT_NAME = "$(TARGET_NAME)";
			};
			name = Debug;
		};
		260F89C51A3DAA0D003EDB92 /* Release */ = {
			isa = XCBuildConfiguration;
			buildSettings = {
				ASSETCATALOG_COMPILER_APPICON_NAME = AppIcon;
				INFOPLIST_FILE = iOSAnimationsLiveDemo/Info.plist;
				LD_RUNPATH_SEARCH_PATHS = "$(inherited) @executable_path/Frameworks";
				PRODUCT_NAME = "$(TARGET_NAME)";
			};
			name = Release;
		};
		260F89C71A3DAA0D003EDB92 /* Debug */ = {
			isa = XCBuildConfiguration;
			buildSettings = {
				BUNDLE_LOADER = "$(TEST_HOST)";
				FRAMEWORK_SEARCH_PATHS = (
					"$(SDKROOT)/Developer/Library/Frameworks",
					"$(inherited)",
				);
				GCC_PREPROCESSOR_DEFINITIONS = (
					"DEBUG=1",
					"$(inherited)",
				);
				INFOPLIST_FILE = iOSAnimationsLiveDemoTests/Info.plist;
				LD_RUNPATH_SEARCH_PATHS = "$(inherited) @executable_path/Frameworks @loader_path/Frameworks";
				PRODUCT_NAME = "$(TARGET_NAME)";
				TEST_HOST = "$(BUILT_PRODUCTS_DIR)/iOSAnimationsLiveDemo.app/iOSAnimationsLiveDemo";
			};
			name = Debug;
		};
		260F89C81A3DAA0D003EDB92 /* Release */ = {
			isa = XCBuildConfiguration;
			buildSettings = {
				BUNDLE_LOADER = "$(TEST_HOST)";
				FRAMEWORK_SEARCH_PATHS = (
					"$(SDKROOT)/Developer/Library/Frameworks",
					"$(inherited)",
				);
				INFOPLIST_FILE = iOSAnimationsLiveDemoTests/Info.plist;
				LD_RUNPATH_SEARCH_PATHS = "$(inherited) @executable_path/Frameworks @loader_path/Frameworks";
				PRODUCT_NAME = "$(TARGET_NAME)";
				TEST_HOST = "$(BUILT_PRODUCTS_DIR)/iOSAnimationsLiveDemo.app/iOSAnimationsLiveDemo";
			};
			name = Release;
		};
/* End XCBuildConfiguration section */

/* Begin XCConfigurationList section */
		260F899F1A3DAA0D003EDB92 /* Build configuration list for PBXProject "iOSAnimationsLiveDemo" */ = {
			isa = XCConfigurationList;
			buildConfigurations = (
				260F89C11A3DAA0D003EDB92 /* Debug */,
				260F89C21A3DAA0D003EDB92 /* Release */,
			);
			defaultConfigurationIsVisible = 0;
			defaultConfigurationName = Release;
		};
		260F89C31A3DAA0D003EDB92 /* Build configuration list for PBXNativeTarget "iOSAnimationsLiveDemo" */ = {
			isa = XCConfigurationList;
			buildConfigurations = (
				260F89C41A3DAA0D003EDB92 /* Debug */,
				260F89C51A3DAA0D003EDB92 /* Release */,
			);
			defaultConfigurationIsVisible = 0;
			defaultConfigurationName = Release;
		};
		260F89C61A3DAA0D003EDB92 /* Build configuration list for PBXNativeTarget "iOSAnimationsLiveDemoTests" */ = {
			isa = XCConfigurationList;
			buildConfigurations = (
				260F89C71A3DAA0D003EDB92 /* Debug */,
				260F89C81A3DAA0D003EDB92 /* Release */,
			);
			defaultConfigurationIsVisible = 0;
			defaultConfigurationName = Release;
		};
/* End XCConfigurationList section */
	};
	rootObject = 260F899C1A3DAA0D003EDB92 /* Project object */;
}
